
Microsoft Visual Studio Solution File, Format Version 12.00
# Visual Studio Version 16
VisualStudioVersion = 16.0.28803.202
MinimumVisualStudioVersion = 10.0.40219.1
Project("{FAE04EC0-301F-11D3-BF4B-00C04F79EFBC}") = "Client", "Client\Client.csproj", "{629CAA75-B5C6-4839-8C69-8F25DC04417B}"
EndProject
Project("{FAE04EC0-301F-11D3-BF4B-00C04F79EFBC}") = "Helpers", "CustomMessageBox\Helpers.csproj", "{9098EAB0-DE85-48C4-AD10-DE79A59A7CBA}"
EndProject
Project("{FAE04EC0-301F-11D3-BF4B-00C04F79EFBC}") = "Example", "Example\Example.csproj", "{B12611C8-CAD5-43CA-866F-203D163E2046}"
EndProject
Project("{FAE04EC0-301F-11D3-BF4B-00C04F79EFBC}") = "People", "People\People.csproj", "{34D08BA7-978A-4FF7-BF30-ABD1FF0563C7}"
EndProject
Project("{FAE04EC0-301F-11D3-BF4B-00C04F79EFBC}") = "Book", "Book\Book.csproj", "{4D654CA1-5E8D-4F2A-AD59-856F3EB649BC}"
EndProject
Project("{FAE04EC0-301F-11D3-BF4B-00C04F79EFBC}") = "PeopleBooks", "PeopleBooks\PeopleBooks.csproj", "{72D9C657-931D-4BC7-85D6-B1045D434AFE}"
EndProject
Global
	GlobalSection(SolutionConfigurationPlatforms) = preSolution
		Debug|Any CPU = Debug|Any CPU
		Release|Any CPU = Release|Any CPU
	EndGlobalSection
	GlobalSection(ProjectConfigurationPlatforms) = postSolution
		{629CAA75-B5C6-4839-8C69-8F25DC04417B}.Debug|Any CPU.ActiveCfg = Debug|Any CPU
		{629CAA75-B5C6-4839-8C69-8F25DC04417B}.Debug|Any CPU.Build.0 = Debug|Any CPU
		{629CAA75-B5C6-4839-8C69-8F25DC04417B}.Release|Any CPU.ActiveCfg = Release|Any CPU
		{629CAA75-B5C6-4839-8C69-8F25DC04417B}.Release|Any CPU.Build.0 = Release|Any CPU
		{9098EAB0-DE85-48C4-AD10-DE79A59A7CBA}.Debug|Any CPU.ActiveCfg = Debug|Any CPU
		{9098EAB0-DE85-48C4-AD10-DE79A59A7CBA}.Debug|Any CPU.Build.0 = Debug|Any CPU
		{9098EAB0-DE85-48C4-AD10-DE79A59A7CBA}.Release|Any CPU.ActiveCfg = Release|Any CPU
		{9098EAB0-DE85-48C4-AD10-DE79A59A7CBA}.Release|Any CPU.Build.0 = Release|Any CPU
		{B12611C8-CAD5-43CA-866F-203D163E2046}.Debug|Any CPU.ActiveCfg = Debug|Any CPU
		{B12611C8-CAD5-43CA-866F-203D163E2046}.Debug|Any CPU.Build.0 = Debug|Any CPU
		{B12611C8-CAD5-43CA-866F-203D163E2046}.Release|Any CPU.ActiveCfg = Release|Any CPU
		{B12611C8-CAD5-43CA-866F-203D163E2046}.Release|Any CPU.Build.0 = Release|Any CPU
		{34D08BA7-978A-4FF7-BF30-ABD1FF0563C7}.Debug|Any CPU.ActiveCfg = Debug|Any CPU
		{34D08BA7-978A-4FF7-BF30-ABD1FF0563C7}.Debug|Any CPU.Build.0 = Debug|Any CPU
		{34D08BA7-978A-4FF7-BF30-ABD1FF0563C7}.Release|Any CPU.ActiveCfg = Release|Any CPU
		{34D08BA7-978A-4FF7-BF30-ABD1FF0563C7}.Release|Any CPU.Build.0 = Release|Any CPU
		{4D654CA1-5E8D-4F2A-AD59-856F3EB649BC}.Debug|Any CPU.ActiveCfg = Debug|Any CPU
		{4D654CA1-5E8D-4F2A-AD59-856F3EB649BC}.Debug|Any CPU.Build.0 = Debug|Any CPU
		{4D654CA1-5E8D-4F2A-AD59-856F3EB649BC}.Release|Any CPU.ActiveCfg = Release|Any CPU
		{4D654CA1-5E8D-4F2A-AD59-856F3EB649BC}.Release|Any CPU.Build.0 = Release|Any CPU
		{72D9C657-931D-4BC7-85D6-B1045D434AFE}.Debug|Any CPU.ActiveCfg = Debug|Any CPU
		{72D9C657-931D-4BC7-85D6-B1045D434AFE}.Debug|Any CPU.Build.0 = Debug|Any CPU
		{72D9C657-931D-4BC7-85D6-B1045D434AFE}.Release|Any CPU.ActiveCfg = Release|Any CPU
		{72D9C657-931D-4BC7-85D6-B1045D434AFE}.Release|Any CPU.Build.0 = Release|Any CPU
	EndGlobalSection
	GlobalSection(SolutionProperties) = preSolution
		HideSolutionNode = FALSE
	EndGlobalSection
	GlobalSection(ExtensibilityGlobals) = postSolution
		SolutionGuid = {2A624C33-D113-40D1-B258-12BFE583B1B3}
	EndGlobalSection
EndGlobal
